
Microsoft Visual Studio Solution File, Format Version 12.00
# Visual Studio Version 16
VisualStudioVersion = 16.0.32630.194
MinimumVisualStudioVersion = 10.0.40219.1
Project("{9A19103F-16F7-4668-BE54-9A1E7A4F7556}") = "CommandPattern", "Reflection and Attributes - Exercise\CommandPattern.csproj", "{042C2BB4-46CB-4E2B-939F-CA24FFF7EA1F}"
EndProject
Project("{FAE04EC0-301F-11D3-BF4B-00C04F79EFBC}") = "ValidationAttributes", "ValidationAttributes\ValidationAttributes.csproj", "{95695E09-98E4-46E9-AB17-136A397EE57D}"
EndProject
Global
	GlobalSection(SolutionConfigurationPlatforms) = preSolution
		Debug|Any CPU = Debug|Any CPU
		Release|Any CPU = Release|Any CPU
	EndGlobalSection
	GlobalSection(ProjectConfigurationPlatforms) = postSolution
		{042C2BB4-46CB-4E2B-939F-CA24FFF7EA1F}.Debug|Any CPU.ActiveCfg = Debug|Any CPU
		{042C2BB4-46CB-4E2B-939F-CA24FFF7EA1F}.Debug|Any CPU.Build.0 = Debug|Any CPU
		{042C2BB4-46CB-4E2B-939F-CA24FFF7EA1F}.Release|Any CPU.ActiveCfg = Release|Any CPU
		{042C2BB4-46CB-4E2B-939F-CA24FFF7EA1F}.Release|Any CPU.Build.0 = Release|Any CPU
		{95695E09-98E4-46E9-AB17-136A397EE57D}.Debug|Any CPU.ActiveCfg = Debug|Any CPU
		{95695E09-98E4-46E9-AB17-136A397EE57D}.Debug|Any CPU.Build.0 = Debug|Any CPU
		{95695E09-98E4-46E9-AB17-136A397EE57D}.Release|Any CPU.ActiveCfg = Release|Any CPU
		{95695E09-98E4-46E9-AB17-136A397EE57D}.Release|Any CPU.Build.0 = Release|Any CPU
	EndGlobalSection
	GlobalSection(SolutionProperties) = preSolution
		HideSolutionNode = FALSE
	EndGlobalSection
	GlobalSection(ExtensibilityGlobals) = postSolution
		SolutionGuid = {EB5F556F-A49C-40BA-83CF-604C5E422BBF}
	EndGlobalSection
EndGlobal
