
Microsoft Visual Studio Solution File, Format Version 12.00
# Visual Studio Version 16
VisualStudioVersion = 16.0.32510.428
MinimumVisualStudioVersion = 10.0.40219.1
Project("{9A19103F-16F7-4668-BE54-9A1E7A4F7556}") = "Vehicles", "Vehicles\Vehicles.csproj", "{1280AB07-EF12-486F-8D3D-B71D31EF2DC9}"
EndProject
Project("{9A19103F-16F7-4668-BE54-9A1E7A4F7556}") = "VehiclesExtension", "Vehicles Extension\VehiclesExtension.csproj", "{A5BCB663-76E0-4CC2-AA4B-DB78ABEAFD61}"
EndProject
Global
	GlobalSection(SolutionConfigurationPlatforms) = preSolution
		Debug|Any CPU = Debug|Any CPU
		Release|Any CPU = Release|Any CPU
	EndGlobalSection
	GlobalSection(ProjectConfigurationPlatforms) = postSolution
		{1280AB07-EF12-486F-8D3D-B71D31EF2DC9}.Debug|Any CPU.ActiveCfg = Debug|Any CPU
		{1280AB07-EF12-486F-8D3D-B71D31EF2DC9}.Debug|Any CPU.Build.0 = Debug|Any CPU
		{1280AB07-EF12-486F-8D3D-B71D31EF2DC9}.Release|Any CPU.ActiveCfg = Release|Any CPU
		{1280AB07-EF12-486F-8D3D-B71D31EF2DC9}.Release|Any CPU.Build.0 = Release|Any CPU
		{A5BCB663-76E0-4CC2-AA4B-DB78ABEAFD61}.Debug|Any CPU.ActiveCfg = Debug|Any CPU
		{A5BCB663-76E0-4CC2-AA4B-DB78ABEAFD61}.Debug|Any CPU.Build.0 = Debug|Any CPU
		{A5BCB663-76E0-4CC2-AA4B-DB78ABEAFD61}.Release|Any CPU.ActiveCfg = Release|Any CPU
		{A5BCB663-76E0-4CC2-AA4B-DB78ABEAFD61}.Release|Any CPU.Build.0 = Release|Any CPU
	EndGlobalSection
	GlobalSection(SolutionProperties) = preSolution
		HideSolutionNode = FALSE
	EndGlobalSection
	GlobalSection(ExtensibilityGlobals) = postSolution
		SolutionGuid = {5C4A4953-DA59-417B-A063-2704EC1C0B5B}
	EndGlobalSection
EndGlobal
